
Microsoft Visual Studio Solution File, Format Version 12.00
# Visual Studio Version 17
VisualStudioVersion = 17.11.35312.102
MinimumVisualStudioVersion = 10.0.40219.1
Project("{9A19103F-16F7-4668-BE54-9A1E7A4F7556}") = "Task1", "Task1\Task1.csproj", "{CEC22A2B-D4A9-4DF0-954D-232893DB37F7}"
EndProject
Project("{FAE04EC0-301F-11D3-BF4B-00C04F79EFBC}") = "Task2", "Task2\Task2.csproj", "{A36461AF-EDF9-4E6D-856A-3FB8A29265ED}"
EndProject
Global
	GlobalSection(SolutionConfigurationPlatforms) = preSolution
		Debug|Any CPU = Debug|Any CPU
		Release|Any CPU = Release|Any CPU
	EndGlobalSection
	GlobalSection(ProjectConfigurationPlatforms) = postSolution
		{CEC22A2B-D4A9-4DF0-954D-232893DB37F7}.Debug|Any CPU.ActiveCfg = Debug|Any CPU
		{CEC22A2B-D4A9-4DF0-954D-232893DB37F7}.Debug|Any CPU.Build.0 = Debug|Any CPU
		{CEC22A2B-D4A9-4DF0-954D-232893DB37F7}.Release|Any CPU.ActiveCfg = Release|Any CPU
		{CEC22A2B-D4A9-4DF0-954D-232893DB37F7}.Release|Any CPU.Build.0 = Release|Any CPU
		{A36461AF-EDF9-4E6D-856A-3FB8A29265ED}.Debug|Any CPU.ActiveCfg = Debug|Any CPU
		{A36461AF-EDF9-4E6D-856A-3FB8A29265ED}.Debug|Any CPU.Build.0 = Debug|Any CPU
		{A36461AF-EDF9-4E6D-856A-3FB8A29265ED}.Release|Any CPU.ActiveCfg = Release|Any CPU
		{A36461AF-EDF9-4E6D-856A-3FB8A29265ED}.Release|Any CPU.Build.0 = Release|Any CPU
	EndGlobalSection
	GlobalSection(SolutionProperties) = preSolution
		HideSolutionNode = FALSE
	EndGlobalSection
	GlobalSection(ExtensibilityGlobals) = postSolution
		SolutionGuid = {527D29FB-6C41-486C-A759-55F958717C8E}
	EndGlobalSection
EndGlobal
